// !$*UTF8*$!
{
	archiveVersion = 1;
	classes = {
	};
	objectVersion = 48;
	objects = {

/* Begin PBXBuildFile section */
		D84778472016EADB003EA141 /* AppDelegate.m in Sources */ = {isa = PBXBuildFile; fileRef = D84778462016EADB003EA141 /* AppDelegate.m */; };
		D847784A2016EADB003EA141 /* ViewController.m in Sources */ = {isa = PBXBuildFile; fileRef = D84778492016EADB003EA141 /* ViewController.m */; };
		D847784D2016EADB003EA141 /* Main.storyboard in Resources */ = {isa = PBXBuildFile; fileRef = D847784B2016EADB003EA141 /* Main.storyboard */; };
		D847784F2016EADB003EA141 /* Assets.xcassets in Resources */ = {isa = PBXBuildFile; fileRef = D847784E2016EADB003EA141 /* Assets.xcassets */; };
		D84778522016EADB003EA141 /* LaunchScreen.storyboard in Resources */ = {isa = PBXBuildFile; fileRef = D84778502016EADB003EA141 /* LaunchScreen.storyboard */; };
		D84778552016EADB003EA141 /* main.m in Sources */ = {isa = PBXBuildFile; fileRef = D84778542016EADB003EA141 /* main.m */; };
		D847785F2016EADB003EA141 /* testHuaLongDaoTests.m in Sources */ = {isa = PBXBuildFile; fileRef = D847785E2016EADB003EA141 /* testHuaLongDaoTests.m */; };
		D847786A2016EADB003EA141 /* testHuaLongDaoUITests.m in Sources */ = {isa = PBXBuildFile; fileRef = D84778692016EADB003EA141 /* testHuaLongDaoUITests.m */; };
/* End PBXBuildFile section */

/* Begin PBXContainerItemProxy section */
		D847785B2016EADB003EA141 /* PBXContainerItemProxy */ = {
			isa = PBXContainerItemProxy;
			containerPortal = D847783A2016EADB003EA141 /* Project object */;
			proxyType = 1;
			remoteGlobalIDString = D84778412016EADB003EA141;
			remoteInfo = testHuaLongDao;
		};
		D84778662016EADB003EA141 /* PBXContainerItemProxy */ = {
			isa = PBXContainerItemProxy;
			containerPortal = D847783A2016EADB003EA141 /* Project object */;
			proxyType = 1;
			remoteGlobalIDString = D84778412016EADB003EA141;
			remoteInfo = testHuaLongDao;
		};
/* End PBXContainerItemProxy section */

/* Begin PBXFileReference section */
		D84778422016EADB003EA141 /* testHuaLongDao.app */ = {isa = PBXFileReference; explicitFileType = wrapper.application; includeInIndex = 0; path = testHuaLongDao.app; sourceTree = BUILT_PRODUCTS_DIR; };
		D84778452016EADB003EA141 /* AppDelegate.h */ = {isa = PBXFileReference; lastKnownFileType = sourcecode.c.h; path = AppDelegate.h; sourceTree = "<group>"; };
		D84778462016EADB003EA141 /* AppDelegate.m */ = {isa = PBXFileReference; lastKnownFileType = sourcecode.c.objc; path = AppDelegate.m; sourceTree = "<group>"; };
		D84778482016EADB003EA141 /* ViewController.h */ = {isa = PBXFileReference; lastKnownFileType = sourcecode.c.h; path = ViewController.h; sourceTree = "<group>"; };
		D84778492016EADB003EA141 /* ViewController.m */ = {isa = PBXFileReference; lastKnownFileType = sourcecode.c.objc; path = ViewController.m; sourceTree = "<group>"; };
		D847784C2016EADB003EA141 /* Base */ = {isa = PBXFileReference; lastKnownFileType = file.storyboard; name = Base; path = Base.lproj/Main.storyboard; sourceTree = "<group>"; };
		D847784E2016EADB003EA141 /* Assets.xcassets */ = {isa = PBXFileReference; lastKnownFileType = folder.assetcatalog; path = Assets.xcassets; sourceTree = "<group>"; };
		D84778512016EADB003EA141 /* Base */ = {isa = PBXFileReference; lastKnownFileType = file.storyboard; name = Base; path = Base.lproj/LaunchScreen.storyboard; sourceTree = "<group>"; };
		D84778532016EADB003EA141 /* Info.plist */ = {isa = PBXFileReference; lastKnownFileType = text.plist.xml; path = Info.plist; sourceTree = "<group>"; };
		D84778542016EADB003EA141 /* main.m */ = {isa = PBXFileReference; lastKnownFileType = sourcecode.c.objc; path = main.m; sourceTree = "<group>"; };
		D847785A2016EADB003EA141 /* testHuaLongDaoTests.xctest */ = {isa = PBXFileReference; explicitFileType = wrapper.cfbundle; includeInIndex = 0; path = testHuaLongDaoTests.xctest; sourceTree = BUILT_PRODUCTS_DIR; };
		D847785E2016EADB003EA141 /* testHuaLongDaoTests.m */ = {isa = PBXFileReference; lastKnownFileType = sourcecode.c.objc; path = testHuaLongDaoTests.m; sourceTree = "<group>"; };
		D84778602016EADB003EA141 /* Info.plist */ = {isa = PBXFileReference; lastKnownFileType = text.plist.xml; path = Info.plist; sourceTree = "<group>"; };
		D84778652016EADB003EA141 /* testHuaLongDaoUITests.xctest */ = {isa = PBXFileReference; explicitFileType = wrapper.cfbundle; includeInIndex = 0; path = testHuaLongDaoUITests.xctest; sourceTree = BUILT_PRODUCTS_DIR; };
		D84778692016EADB003EA141 /* testHuaLongDaoUITests.m */ = {isa = PBXFileReference; lastKnownFileType = sourcecode.c.objc; path = testHuaLongDaoUITests.m; sourceTree = "<group>"; };
		D847786B2016EADB003EA141 /* Info.plist */ = {isa = PBXFileReference; lastKnownFileType = text.plist.xml; path = Info.plist; sourceTree = "<group>"; };
/* End PBXFileReference section */

/* Begin PBXFrameworksBuildPhase section */
		D847783F2016EADB003EA141 /* Frameworks */ = {
			isa = PBXFrameworksBuildPhase;
			buildActionMask = 2147483647;
			files = (
			);
			runOnlyForDeploymentPostprocessing = 0;
		};
		D84778572016EADB003EA141 /* Frameworks */ = {
			isa = PBXFrameworksBuildPhase;
			buildActionMask = 2147483647;
			files = (
			);
			runOnlyForDeploymentPostprocessing = 0;
		};
		D84778622016EADB003EA141 /* Frameworks */ = {
			isa = PBXFrameworksBuildPhase;
			buildActionMask = 2147483647;
			files = (
			);
			runOnlyForDeploymentPostprocessing = 0;
		};
/* End PBXFrameworksBuildPhase section */

/* Begin PBXGroup section */
		D84778392016EADB003EA141 = {
			isa = PBXGroup;
			children = (
				D84778442016EADB003EA141 /* testHuaLongDao */,
				D847785D2016EADB003EA141 /* testHuaLongDaoTests */,
				D84778682016EADB003EA141 /* testHuaLongDaoUITests */,
				D84778432016EADB003EA141 /* Products */,
			);
			sourceTree = "<group>";
		};
		D84778432016EADB003EA141 /* Products */ = {
			isa = PBXGroup;
			children = (
				D84778422016EADB003EA141 /* testHuaLongDao.app */,
				D847785A2016EADB003EA141 /* testHuaLongDaoTests.xctest */,
				D84778652016EADB003EA141 /* testHuaLongDaoUITests.xctest */,
			);
			name = Products;
			sourceTree = "<group>";
		};
		D84778442016EADB003EA141 /* testHuaLongDao */ = {
			isa = PBXGroup;
			children = (
				D84778452016EADB003EA141 /* AppDelegate.h */,
				D84778462016EADB003EA141 /* AppDelegate.m */,
				D84778482016EADB003EA141 /* ViewController.h */,
				D84778492016EADB003EA141 /* ViewController.m */,
				D847784B2016EADB003EA141 /* Main.storyboard */,
				D847784E2016EADB003EA141 /* Assets.xcassets */,
				D84778502016EADB003EA141 /* LaunchScreen.storyboard */,
				D84778532016EADB003EA141 /* Info.plist */,
				D84778542016EADB003EA141 /* main.m */,
			);
			path = testHuaLongDao;
			sourceTree = "<group>";
		};
		D847785D2016EADB003EA141 /* testHuaLongDaoTests */ = {
			isa = PBXGroup;
			children = (
				D847785E2016EADB003EA141 /* testHuaLongDaoTests.m */,
				D84778602016EADB003EA141 /* Info.plist */,
			);
			path = testHuaLongDaoTests;
			sourceTree = "<group>";
		};
		D84778682016EADB003EA141 /* testHuaLongDaoUITests */ = {
			isa = PBXGroup;
			children = (
				D84778692016EADB003EA141 /* testHuaLongDaoUITests.m */,
				D847786B2016EADB003EA141 /* Info.plist */,
			);
			path = testHuaLongDaoUITests;
			sourceTree = "<group>";
		};
/* End PBXGroup section */

/* Begin PBXNativeTarget section */
		D84778412016EADB003EA141 /* testHuaLongDao */ = {
			isa = PBXNativeTarget;
			buildConfigurationList = D847786E2016EADB003EA141 /* Build configuration list for PBXNativeTarget "testHuaLongDao" */;
			buildPhases = (
				D847783E2016EADB003EA141 /* Sources */,
				D847783F2016EADB003EA141 /* Frameworks */,
				D84778402016EADB003EA141 /* Resources */,
			);
			buildRules = (
			);
			dependencies = (
			);
			name = testHuaLongDao;
			productName = testHuaLongDao;
			productReference = D84778422016EADB003EA141 /* testHuaLongDao.app */;
			productType = "com.apple.product-type.application";
		};
		D84778592016EADB003EA141 /* testHuaLongDaoTests */ = {
			isa = PBXNativeTarget;
			buildConfigurationList = D84778712016EADB003EA141 /* Build configuration list for PBXNativeTarget "testHuaLongDaoTests" */;
			buildPhases = (
				D84778562016EADB003EA141 /* Sources */,
				D84778572016EADB003EA141 /* Frameworks */,
				D84778582016EADB003EA141 /* Resources */,
			);
			buildRules = (
			);
			dependencies = (
				D847785C2016EADB003EA141 /* PBXTargetDependency */,
			);
			name = testHuaLongDaoTests;
			productName = testHuaLongDaoTests;
			productReference = D847785A2016EADB003EA141 /* testHuaLongDaoTests.xctest */;
			productType = "com.apple.product-type.bundle.unit-test";
		};
		D84778642016EADB003EA141 /* testHuaLongDaoUITests */ = {
			isa = PBXNativeTarget;
			buildConfigurationList = D84778742016EADB003EA141 /* Build configuration list for PBXNativeTarget "testHuaLongDaoUITests" */;
			buildPhases = (
				D84778612016EADB003EA141 /* Sources */,
				D84778622016EADB003EA141 /* Frameworks */,
				D84778632016EADB003EA141 /* Resources */,
			);
			buildRules = (
			);
			dependencies = (
				D84778672016EADB003EA141 /* PBXTargetDependency */,
			);
			name = testHuaLongDaoUITests;
			productName = testHuaLongDaoUITests;
			productReference = D84778652016EADB003EA141 /* testHuaLongDaoUITests.xctest */;
			productType = "com.apple.product-type.bundle.ui-testing";
		};
/* End PBXNativeTarget section */

/* Begin PBXProject section */
		D847783A2016EADB003EA141 /* Project object */ = {
			isa = PBXProject;
			attributes = {
				LastUpgradeCheck = 0920;
				ORGANIZATIONNAME = gwh;
				TargetAttributes = {
					D84778412016EADB003EA141 = {
						CreatedOnToolsVersion = 9.2;
						ProvisioningStyle = Automatic;
					};
					D84778592016EADB003EA141 = {
						CreatedOnToolsVersion = 9.2;
						ProvisioningStyle = Automatic;
						TestTargetID = D84778412016EADB003EA141;
					};
					D84778642016EADB003EA141 = {
						CreatedOnToolsVersion = 9.2;
						ProvisioningStyle = Automatic;
						TestTargetID = D84778412016EADB003EA141;
					};
				};
			};
			buildConfigurationList = D847783D2016EADB003EA141 /* Build configuration list for PBXProject "testHuaLongDao" */;
			compatibilityVersion = "Xcode 8.0";
			developmentRegion = en;
			hasScannedForEncodings = 0;
			knownRegions = (
				en,
				Base,
			);
			mainGroup = D84778392016EADB003EA141;
			productRefGroup = D84778432016EADB003EA141 /* Products */;
			projectDirPath = "";
			projectRoot = "";
			targets = (
				D84778412016EADB003EA141 /* testHuaLongDao */,
				D84778592016EADB003EA141 /* testHuaLongDaoTests */,
				D84778642016EADB003EA141 /* testHuaLongDaoUITests */,
			);
		};
/* End PBXProject section */

/* Begin PBXResourcesBuildPhase section */
		D84778402016EADB003EA141 /* Resources */ = {
			isa = PBXResourcesBuildPhase;
			buildActionMask = 2147483647;
			files = (
				D84778522016EADB003EA141 /* LaunchScreen.storyboard in Resources */,
				D847784F2016EADB003EA141 /* Assets.xcassets in Resources */,
				D847784D2016EADB003EA141 /* Main.storyboard in Resources */,
			);
			runOnlyForDeploymentPostprocessing = 0;
		};
		D84778582016EADB003EA141 /* Resources */ = {
			isa = PBXResourcesBuildPhase;
			buildActionMask = 2147483647;
			files = (
			);
			runOnlyForDeploymentPostprocessing = 0;
		};
		D84778632016EADB003EA141 /* Resources */ = {
			isa = PBXResourcesBuildPhase;
			buildActionMask = 2147483647;
			files = (
			);
			runOnlyForDeploymentPostprocessing = 0;
		};
/* End PBXResourcesBuildPhase section */

/* Begin PBXSourcesBuildPhase section */
		D847783E2016EADB003EA141 /* Sources */ = {
			isa = PBXSourcesBuildPhase;
			buildActionMask = 2147483647;
			files = (
				D847784A2016EADB003EA141 /* ViewController.m in Sources */,
				D84778552016EADB003EA141 /* main.m in Sources */,
				D84778472016EADB003EA141 /* AppDelegate.m in Sources */,
			);
			runOnlyForDeploymentPostprocessing = 0;
		};
		D84778562016EADB003EA141 /* Sources */ = {
			isa = PBXSourcesBuildPhase;
			buildActionMask = 2147483647;
			files = (
				D847785F2016EADB003EA141 /* testHuaLongDaoTests.m in Sources */,
			);
			runOnlyForDeploymentPostprocessing = 0;
		};
		D84778612016EADB003EA141 /* Sources */ = {
			isa = PBXSourcesBuildPhase;
			buildActionMask = 2147483647;
			files = (
				D847786A2016EADB003EA141 /* testHuaLongDaoUITests.m in Sources */,
			);
			runOnlyForDeploymentPostprocessing = 0;
		};
/* End PBXSourcesBuildPhase section */

/* Begin PBXTargetDependency section */
		D847785C2016EADB003EA141 /* PBXTargetDependency */ = {
			isa = PBXTargetDependency;
			target = D84778412016EADB003EA141 /* testHuaLongDao */;
			targetProxy = D847785B2016EADB003EA141 /* PBXContainerItemProxy */;
		};
		D84778672016EADB003EA141 /* PBXTargetDependency */ = {
			isa = PBXTargetDependency;
			target = D84778412016EADB003EA141 /* testHuaLongDao */;
			targetProxy = D84778662016EADB003EA141 /* PBXContainerItemProxy */;
		};
/* End PBXTargetDependency section */

/* Begin PBXVariantGroup section */
		D847784B2016EADB003EA141 /* Main.storyboard */ = {
			isa = PBXVariantGroup;
			children = (
				D847784C2016EADB003EA141 /* Base */,
			);
			name = Main.storyboard;
			sourceTree = "<group>";
		};
		D84778502016EADB003EA141 /* LaunchScreen.storyboard */ = {
			isa = PBXVariantGroup;
			children = (
				D84778512016EADB003EA141 /* Base */,
			);
			name = LaunchScreen.storyboard;
			sourceTree = "<group>";
		};
/* End PBXVariantGroup section */

/* Begin XCBuildConfiguration section */
		D847786C2016EADB003EA141 /* Debug */ = {
			isa = XCBuildConfiguration;
			buildSettings = {
				ALWAYS_SEARCH_USER_PATHS = NO;
				CLANG_ANALYZER_NONNULL = YES;
				CLANG_ANALYZER_NUMBER_OBJECT_CONVERSION = YES_AGGRESSIVE;
				CLANG_CXX_LANGUAGE_STANDARD = "gnu++14";
				CLANG_CXX_LIBRARY = "libc++";
				CLANG_ENABLE_MODULES = YES;
				CLANG_ENABLE_OBJC_ARC = YES;
				CLANG_WARN_BLOCK_CAPTURE_AUTORELEASING = YES;
				CLANG_WARN_BOOL_CONVERSION = YES;
				CLANG_WARN_COMMA = YES;
				CLANG_WARN_CONSTANT_CONVERSION = YES;
				CLANG_WARN_DIRECT_OBJC_ISA_USAGE = YES_ERROR;
				CLANG_WARN_DOCUMENTATION_COMMENTS = YES;
				CLANG_WARN_EMPTY_BODY = YES;
				CLANG_WARN_ENUM_CONVERSION = YES;
				CLANG_WARN_INFINITE_RECURSION = YES;
				CLANG_WARN_INT_CONVERSION = YES;
				CLANG_WARN_NON_LITERAL_NULL_CONVERSION = YES;
				CLANG_WARN_OBJC_LITERAL_CONVERSION = YES;
				CLANG_WARN_OBJC_ROOT_CLASS = YES_ERROR;
				CLANG_WARN_RANGE_LOOP_ANALYSIS = YES;
				CLANG_WARN_STRICT_PROTOTYPES = YES;
				CLANG_WARN_SUSPICIOUS_MOVE = YES;
				CLANG_WARN_UNGUARDED_AVAILABILITY = YES_AGGRESSIVE;
				CLANG_WARN_UNREACHABLE_CODE = YES;
				CLANG_WARN__DUPLICATE_METHOD_MATCH = YES;
				CODE_SIGN_IDENTITY = "iPhone Developer";
				COPY_PHASE_STRIP = NO;
				DEBUG_INFORMATION_FORMAT = dwarf;
				ENABLE_STRICT_OBJC_MSGSEND = YES;
				ENABLE_TESTABILITY = YES;
				GCC_C_LANGUAGE_STANDARD = gnu11;
				GCC_DYNAMIC_NO_PIC = NO;
				GCC_NO_COMMON_BLOCKS = YES;
				GCC_OPTIMIZATION_LEVEL = 0;
				GCC_PREPROCESSOR_DEFINITIONS = (
					"DEBUG=1",
					"$(inherited)",
				);
				GCC_WARN_64_TO_32_BIT_CONVERSION = YES;
				GCC_WARN_ABOUT_RETURN_TYPE = YES_ERROR;
				GCC_WARN_UNDECLARED_SELECTOR = YES;
				GCC_WARN_UNINITIALIZED_AUTOS = YES_AGGRESSIVE;
				GCC_WARN_UNUSED_FUNCTION = YES;
				GCC_WARN_UNUSED_VARIABLE = YES;
				IPHONEOS_DEPLOYMENT_TARGET = 11.2;
				MTL_ENABLE_DEBUG_INFO = YES;
				ONLY_ACTIVE_ARCH = YES;
				SDKROOT = iphoneos;
			};
			name = Debug;
		};
		D847786D2016EADB003EA141 /* Release */ = {
			isa = XCBuildConfiguration;
			buildSettings = {
				ALWAYS_SEARCH_USER_PATHS = NO;
				CLANG_ANALYZER_NONNULL = YES;
				CLANG_ANALYZER_NUMBER_OBJECT_CONVERSION = YES_AGGRESSIVE;
				CLANG_CXX_LANGUAGE_STANDARD = "gnu++14";
				CLANG_CXX_LIBRARY = "libc++";
				CLANG_ENABLE_MODULES = YES;
				CLANG_ENABLE_OBJC_ARC = YES;
				CLANG_WARN_BLOCK_CAPTURE_AUTORELEASING = YES;
				CLANG_WARN_BOOL_CONVERSION = YES;
				CLANG_WARN_COMMA = YES;
				CLANG_WARN_CONSTANT_CONVERSION = YES;
				CLANG_WARN_DIRECT_OBJC_ISA_USAGE = YES_ERROR;
				CLANG_WARN_DOCUMENTATION_COMMENTS = YES;
				CLANG_WARN_EMPTY_BODY = YES;
				CLANG_WARN_ENUM_CONVERSION = YES;
				CLANG_WARN_INFINITE_RECURSION = YES;
				CLANG_WARN_INT_CONVERSION = YES;
				CLANG_WARN_NON_LITERAL_NULL_CONVERSION = YES;
				CLANG_WARN_OBJC_LITERAL_CONVERSION = YES;
				CLANG_WARN_OBJC_ROOT_CLASS = YES_ERROR;
				CLANG_WARN_RANGE_LOOP_ANALYSIS = YES;
				CLANG_WARN_STRICT_PROTOTYPES = YES;
				CLANG_WARN_SUSPICIOUS_MOVE = YES;
				CLANG_WARN_UNGUARDED_AVAILABILITY = YES_AGGRESSIVE;
				CLANG_WARN_UNREACHABLE_CODE = YES;
				CLANG_WARN__DUPLICATE_METHOD_MATCH = YES;
				CODE_SIGN_IDENTITY = "iPhone Developer";
				COPY_PHASE_STRIP = NO;
				DEBUG_INFORMATION_FORMAT = "dwarf-with-dsym";
				ENABLE_NS_ASSERTIONS = NO;
				ENABLE_STRICT_OBJC_MSGSEND = YES;
				GCC_C_LANGUAGE_STANDARD = gnu11;
				GCC_NO_COMMON_BLOCKS = YES;
				GCC_WARN_64_TO_32_BIT_CONVERSION = YES;
				GCC_WARN_ABOUT_RETURN_TYPE = YES_ERROR;
				GCC_WARN_UNDECLARED_SELECTOR = YES;
				GCC_WARN_UNINITIALIZED_AUTOS = YES_AGGRESSIVE;
				GCC_WARN_UNUSED_FUNCTION = YES;
				GCC_WARN_UNUSED_VARIABLE = YES;
				IPHONEOS_DEPLOYMENT_TARGET = 11.2;
				MTL_ENABLE_DEBUG_INFO = NO;
				SDKROOT = iphoneos;
				VALIDATE_PRODUCT = YES;
			};
			name = Release;
		};
		D847786F2016EADB003EA141 /* Debug */ = {
			isa = XCBuildConfiguration;
			buildSettings = {
				ASSETCATALOG_COMPILER_APPICON_NAME = AppIcon;
				CODE_SIGN_STYLE = Automatic;
				DEVELOPMENT_TEAM = V988GE98EW;
				INFOPLIST_FILE = testHuaLongDao/Info.plist;
				LD_RUNPATH_SEARCH_PATHS = "$(inherited) @executable_path/Frameworks";
				PRODUCT_BUNDLE_IDENTIFIER = com.gwh.mine.testHuaLongDao;
				PRODUCT_NAME = "$(TARGET_NAME)";
				TARGETED_DEVICE_FAMILY = "1,2";
			};
			name = Debug;
		};
		D84778702016EADB003EA141 /* Release */ = {
			isa = XCBuildConfiguration;
			buildSettings = {
				ASSETCATALOG_COMPILER_APPICON_NAME = AppIcon;
				CODE_SIGN_STYLE = Automatic;
				DEVELOPMENT_TEAM = V988GE98EW;
				INFOPLIST_FILE = testHuaLongDao/Info.plist;
				LD_RUNPATH_SEARCH_PATHS = "$(inherited) @executable_path/Frameworks";
				PRODUCT_BUNDLE_IDENTIFIER = com.gwh.mine.testHuaLongDao;
				PRODUCT_NAME = "$(TARGET_NAME)";
				TARGETED_DEVICE_FAMILY = "1,2";
			};
			name = Release;
		};
		D84778722016EADB003EA141 /* Debug */ = {
			isa = XCBuildConfiguration;
			buildSettings = {
				BUNDLE_LOADER = "$(TEST_HOST)";
				CODE_SIGN_STYLE = Automatic;
				INFOPLIST_FILE = testHuaLongDaoTests/Info.plist;
				LD_RUNPATH_SEARCH_PATHS = "$(inherited) @executable_path/Frameworks @loader_path/Frameworks";
				PRODUCT_BUNDLE_IDENTIFIER = com.gwh.mine.testHuaLongDaoTests;
				PRODUCT_NAME = "$(TARGET_NAME)";
				TARGETED_DEVICE_FAMILY = "1,2";
				TEST_HOST = "$(BUILT_PRODUCTS_DIR)/testHuaLongDao.app/testHuaLongDao";
			};
			name = Debug;
		};
		D84778732016EADB003EA141 /* Release */ = {
			isa = XCBuildConfiguration;
			buildSettings = {
				BUNDLE_LOADER = "$(TEST_HOST)";
				CODE_SIGN_STYLE = Automatic;
				INFOPLIST_FILE = testHuaLongDaoTests/Info.plist;
				LD_RUNPATH_SEARCH_PATHS = "$(inherited) @executable_path/Frameworks @loader_path/Frameworks";
				PRODUCT_BUNDLE_IDENTIFIER = com.gwh.mine.testHuaLongDaoTests;
				PRODUCT_NAME = "$(TARGET_NAME)";
				TARGETED_DEVICE_FAMILY = "1,2";
				TEST_HOST = "$(BUILT_PRODUCTS_DIR)/testHuaLongDao.app/testHuaLongDao";
			};
			name = Release;
		};
		D84778752016EADB003EA141 /* Debug */ = {
			isa = XCBuildConfiguration;
			buildSettings = {
				CODE_SIGN_STYLE = Automatic;
				INFOPLIST_FILE = testHuaLongDaoUITests/Info.plist;
				LD_RUNPATH_SEARCH_PATHS = "$(inherited) @executable_path/Frameworks @loader_path/Frameworks";
				PRODUCT_BUNDLE_IDENTIFIER = com.gwh.mine.testHuaLongDaoUITests;
				PRODUCT_NAME = "$(TARGET_NAME)";
				TARGETED_DEVICE_FAMILY = "1,2";
				TEST_TARGET_NAME = testHuaLongDao;
			};
			name = Debug;
		};
		D84778762016EADB003EA141 /* Release */ = {
			isa = XCBuildConfiguration;
			buildSettings = {
				CODE_SIGN_STYLE = Automatic;
				INFOPLIST_FILE = testHuaLongDaoUITests/Info.plist;
				LD_RUNPATH_SEARCH_PATHS = "$(inherited) @executable_path/Frameworks @loader_path/Frameworks";
				PRODUCT_BUNDLE_IDENTIFIER = com.gwh.mine.testHuaLongDaoUITests;
				PRODUCT_NAME = "$(TARGET_NAME)";
				TARGETED_DEVICE_FAMILY = "1,2";
				TEST_TARGET_NAME = testHuaLongDao;
			};
			name = Release;
		};
/* End XCBuildConfiguration section */

/* Begin XCConfigurationList section */
		D847783D2016EADB003EA141 /* Build configuration list for PBXProject "testHuaLongDao" */ = {
			isa = XCConfigurationList;
			buildConfigurations = (
				D847786C2016EADB003EA141 /* Debug */,
				D847786D2016EADB003EA141 /* Release */,
			);
			defaultConfigurationIsVisible = 0;
			defaultConfigurationName = Release;
		};
		D847786E2016EADB003EA141 /* Build configuration list for PBXNativeTarget "testHuaLongDao" */ = {
			isa = XCConfigurationList;
			buildConfigurations = (
				D847786F2016EADB003EA141 /* Debug */,
				D84778702016EADB003EA141 /* Release */,
			);
			defaultConfigurationIsVisible = 0;
			defaultConfigurationName = Release;
		};
		D84778712016EADB003EA141 /* Build configuration list for PBXNativeTarget "testHuaLongDaoTests" */ = {
			isa = XCConfigurationList;
			buildConfigurations = (
				D84778722016EADB003EA141 /* Debug */,
				D84778732016EADB003EA141 /* Release */,
			);
			defaultConfigurationIsVisible = 0;
			defaultConfigurationName = Release;
		};
		D84778742016EADB003EA141 /* Build configuration list for PBXNativeTarget "testHuaLongDaoUITests" */ = {
			isa = XCConfigurationList;
			buildConfigurations = (
				D84778752016EADB003EA141 /* Debug */,
				D84778762016EADB003EA141 /* Release */,
			);
			defaultConfigurationIsVisible = 0;
			defaultConfigurationName = Release;
		};
/* End XCConfigurationList section */
	};
	rootObject = D847783A2016EADB003EA141 /* Project object */;
}
